
Microsoft Visual Studio Solution File, Format Version 12.00
# Visual Studio 15
VisualStudioVersion = 15.0.28307.168
MinimumVisualStudioVersion = 10.0.40219.1
Project("{FAE04EC0-301F-11D3-BF4B-00C04F79EFBC}") = "AngularJsAndMvcFileStructure60", "AngularJsAndMvcFileStructure60\AngularJsAndMvcFileStructure60.csproj", "{059FFDD2-53D8-415E-8801-87FDCFDAECAC}"
EndProject
Global
	GlobalSection(SolutionConfigurationPlatforms) = preSolution
		Debug|Any CPU = Debug|Any CPU
		Release|Any CPU = Release|Any CPU
	EndGlobalSection
	GlobalSection(ProjectConfigurationPlatforms) = postSolution
		{059FFDD2-53D8-415E-8801-87FDCFDAECAC}.Debug|Any CPU.ActiveCfg = Debug|Any CPU
		{059FFDD2-53D8-415E-8801-87FDCFDAECAC}.Debug|Any CPU.Build.0 = Debug|Any CPU
		{059FFDD2-53D8-415E-8801-87FDCFDAECAC}.Release|Any CPU.ActiveCfg = Release|Any CPU
		{059FFDD2-53D8-415E-8801-87FDCFDAECAC}.Release|Any CPU.Build.0 = Release|Any CPU
	EndGlobalSection
	GlobalSection(SolutionProperties) = preSolution
		HideSolutionNode = FALSE
	EndGlobalSection
	GlobalSection(ExtensibilityGlobals) = postSolution
		SolutionGuid = {853516DB-967F-4E15-A70F-CE7BA2F5166D}
	EndGlobalSection
EndGlobal
